
Microsoft Visual Studio Solution File, Format Version 12.00
# Visual Studio Version 17
VisualStudioVersion = 17.12.35707.178
MinimumVisualStudioVersion = 10.0.40219.1
Project("{2150E333-8FDC-42A3-9474-1A3956D46DE8}") = "Solution-Items", "Solution-Items", "{6B6028E3-6FF1-441D-80D1-05ED594B0E95}"
	ProjectSection(SolutionItems) = preProject
		src\docker-compose.override.yml = src\docker-compose.override.yml
		src\docker-compose.yml = src\docker-compose.yml
		general_architecture.png = general_architecture.png
		global.json = global.json
		README.md = README.md
	EndProjectSection
EndProject
Project("{2150E333-8FDC-42A3-9474-1A3956D46DE8}") = "src", "src", "{672CE652-7E11-4D09-ABA7-A934EEEFB7BD}"
EndProject
Project("{2150E333-8FDC-42A3-9474-1A3956D46DE8}") = "ApiGateways", "ApiGateways", "{4565AF63-0BD5-462A-AA47-C5CA65477B3D}"
EndProject
Project("{2150E333-8FDC-42A3-9474-1A3956D46DE8}") = "BuildingBlocks", "BuildingBlocks", "{8FC5BD2B-AA20-4D24-B96D-3EC9B245B485}"
EndProject
Project("{2150E333-8FDC-42A3-9474-1A3956D46DE8}") = "Services", "Services", "{F49F008B-7E61-4542-9C2B-683489089136}"
EndProject
Project("{2150E333-8FDC-42A3-9474-1A3956D46DE8}") = "WebApps", "WebApps", "{6106DF8B-5A2D-49BA-9AF1-109CE6BF9F50}"
EndProject
Project("{FAE04EC0-301F-11D3-BF4B-00C04F79EFBC}") = "Common.Logging", "src\BuildingBlocks\Common.Logging\Common.Logging.csproj", "{46CBFA5C-15E7-46E3-9C2C-F33CAA08EC8B}"
EndProject
Project("{FAE04EC0-301F-11D3-BF4B-00C04F79EFBC}") = "EventBus.Messages", "src\BuildingBlocks\EventBus.Messages\EventBus.Messages.csproj", "{5D6A9C5E-A974-4E6F-A9AE-DA1111751EB5}"
EndProject
Project("{2150E333-8FDC-42A3-9474-1A3956D46DE8}") = "Product", "Product", "{A416EDBB-7DC5-452C-8EF2-083817000776}"
EndProject
Project("{2150E333-8FDC-42A3-9474-1A3956D46DE8}") = "Customer", "Customer", "{E632906D-F7EE-4AAB-90EF-A7A60F6B5105}"
EndProject
Project("{2150E333-8FDC-42A3-9474-1A3956D46DE8}") = "Basket", "Basket", "{2872BDFB-C7C4-4554-98D1-F3AAC81FAB19}"
EndProject
Project("{2150E333-8FDC-42A3-9474-1A3956D46DE8}") = "Ordering", "Ordering", "{641E5D93-E673-4728-AE4A-E3DCF04501BF}"
EndProject
Project("{2150E333-8FDC-42A3-9474-1A3956D46DE8}") = "Inventory", "Inventory", "{E3B36A3B-D243-41FC-8C8E-EFA316353A81}"
EndProject
Project("{2150E333-8FDC-42A3-9474-1A3956D46DE8}") = "ScheduledJob", "ScheduledJob", "{AF20F737-A87E-4355-A4DF-BE2095504451}"
EndProject
Project("{FAE04EC0-301F-11D3-BF4B-00C04F79EFBC}") = "WebHealthStatus", "src\WebApps\WebHealthStatus\WebHealthStatus.csproj", "{2B9BA967-68A2-4A2F-988B-B46FF7465CA7}"
EndProject
Project("{FAE04EC0-301F-11D3-BF4B-00C04F79EFBC}") = "Basket.API", "src\Services\Basket.API\Basket.API.csproj", "{31B9B3CA-093B-4F81-93AC-46D1739CEE08}"
EndProject
Project("{FAE04EC0-301F-11D3-BF4B-00C04F79EFBC}") = "Customer.API", "src\Services\Customer.API\Customer.API.csproj", "{1565658D-5354-4BBF-8FE9-4914CD3C4844}"
EndProject
Project("{FAE04EC0-301F-11D3-BF4B-00C04F79EFBC}") = "Inventory.API", "src\Services\Inventory.API\Inventory.API.csproj", "{FB43B09B-421E-4ABE-BCC3-3620C5681A29}"
EndProject
Project("{FAE04EC0-301F-11D3-BF4B-00C04F79EFBC}") = "Ordering.API", "src\Services\Ordering.API\Ordering.API.csproj", "{21D91C58-64BD-48B3-B203-4833B6B1FBC2}"
EndProject
Project("{FAE04EC0-301F-11D3-BF4B-00C04F79EFBC}") = "Product.API", "src\Services\Product.API\Product.API.csproj", "{F2B3833C-17C4-4798-8746-0A086454A407}"
EndProject
Project("{FAE04EC0-301F-11D3-BF4B-00C04F79EFBC}") = "Hangfire.API", "src\Services\Hangfire.API\Hangfire.API.csproj", "{3A953C38-05BE-4866-A6F3-5CA9EED7B62B}"
EndProject
Project("{FAE04EC0-301F-11D3-BF4B-00C04F79EFBC}") = "Contracts", "src\BuildingBlocks\Contracts\Contracts.csproj", "{440D1966-257C-4393-A791-189CAA886919}"
EndProject
Project("{FAE04EC0-301F-11D3-BF4B-00C04F79EFBC}") = "Infrastructure", "src\BuildingBlocks\Infrastructure\Infrastructure.csproj", "{3FD5B95C-D2EE-4699-978F-3D76DEB53B69}"
EndProject
Project("{FAE04EC0-301F-11D3-BF4B-00C04F79EFBC}") = "Shared", "src\BuildingBlocks\Shared\Shared.csproj", "{345FF964-F861-41BD-8513-3E6AE2BCF97F}"
EndProject
Project("{FAE04EC0-301F-11D3-BF4B-00C04F79EFBC}") = "OcelotApiGw", "src\ApiGateways\OcelotApiGw\OcelotApiGw.csproj", "{E55F8259-3A73-42D0-8D97-96151516A184}"
EndProject
Global
	GlobalSection(SolutionConfigurationPlatforms) = preSolution
		Debug|Any CPU = Debug|Any CPU
		Release|Any CPU = Release|Any CPU
	EndGlobalSection
	GlobalSection(ProjectConfigurationPlatforms) = postSolution
		{46CBFA5C-15E7-46E3-9C2C-F33CAA08EC8B}.Debug|Any CPU.ActiveCfg = Debug|Any CPU
		{46CBFA5C-15E7-46E3-9C2C-F33CAA08EC8B}.Debug|Any CPU.Build.0 = Debug|Any CPU
		{46CBFA5C-15E7-46E3-9C2C-F33CAA08EC8B}.Release|Any CPU.ActiveCfg = Release|Any CPU
		{46CBFA5C-15E7-46E3-9C2C-F33CAA08EC8B}.Release|Any CPU.Build.0 = Release|Any CPU
		{5D6A9C5E-A974-4E6F-A9AE-DA1111751EB5}.Debug|Any CPU.ActiveCfg = Debug|Any CPU
		{5D6A9C5E-A974-4E6F-A9AE-DA1111751EB5}.Debug|Any CPU.Build.0 = Debug|Any CPU
		{5D6A9C5E-A974-4E6F-A9AE-DA1111751EB5}.Release|Any CPU.ActiveCfg = Release|Any CPU
		{5D6A9C5E-A974-4E6F-A9AE-DA1111751EB5}.Release|Any CPU.Build.0 = Release|Any CPU
		{2B9BA967-68A2-4A2F-988B-B46FF7465CA7}.Debug|Any CPU.ActiveCfg = Debug|Any CPU
		{2B9BA967-68A2-4A2F-988B-B46FF7465CA7}.Debug|Any CPU.Build.0 = Debug|Any CPU
		{2B9BA967-68A2-4A2F-988B-B46FF7465CA7}.Release|Any CPU.ActiveCfg = Release|Any CPU
		{2B9BA967-68A2-4A2F-988B-B46FF7465CA7}.Release|Any CPU.Build.0 = Release|Any CPU
		{31B9B3CA-093B-4F81-93AC-46D1739CEE08}.Debug|Any CPU.ActiveCfg = Debug|Any CPU
		{31B9B3CA-093B-4F81-93AC-46D1739CEE08}.Debug|Any CPU.Build.0 = Debug|Any CPU
		{31B9B3CA-093B-4F81-93AC-46D1739CEE08}.Release|Any CPU.ActiveCfg = Release|Any CPU
		{31B9B3CA-093B-4F81-93AC-46D1739CEE08}.Release|Any CPU.Build.0 = Release|Any CPU
		{1565658D-5354-4BBF-8FE9-4914CD3C4844}.Debug|Any CPU.ActiveCfg = Debug|Any CPU
		{1565658D-5354-4BBF-8FE9-4914CD3C4844}.Debug|Any CPU.Build.0 = Debug|Any CPU
		{1565658D-5354-4BBF-8FE9-4914CD3C4844}.Release|Any CPU.ActiveCfg = Release|Any CPU
		{1565658D-5354-4BBF-8FE9-4914CD3C4844}.Release|Any CPU.Build.0 = Release|Any CPU
		{FB43B09B-421E-4ABE-BCC3-3620C5681A29}.Debug|Any CPU.ActiveCfg = Debug|Any CPU
		{FB43B09B-421E-4ABE-BCC3-3620C5681A29}.Debug|Any CPU.Build.0 = Debug|Any CPU
		{FB43B09B-421E-4ABE-BCC3-3620C5681A29}.Release|Any CPU.ActiveCfg = Release|Any CPU
		{FB43B09B-421E-4ABE-BCC3-3620C5681A29}.Release|Any CPU.Build.0 = Release|Any CPU
		{21D91C58-64BD-48B3-B203-4833B6B1FBC2}.Debug|Any CPU.ActiveCfg = Debug|Any CPU
		{21D91C58-64BD-48B3-B203-4833B6B1FBC2}.Debug|Any CPU.Build.0 = Debug|Any CPU
		{21D91C58-64BD-48B3-B203-4833B6B1FBC2}.Release|Any CPU.ActiveCfg = Release|Any CPU
		{21D91C58-64BD-48B3-B203-4833B6B1FBC2}.Release|Any CPU.Build.0 = Release|Any CPU
		{F2B3833C-17C4-4798-8746-0A086454A407}.Debug|Any CPU.ActiveCfg = Debug|Any CPU
		{F2B3833C-17C4-4798-8746-0A086454A407}.Debug|Any CPU.Build.0 = Debug|Any CPU
		{F2B3833C-17C4-4798-8746-0A086454A407}.Release|Any CPU.ActiveCfg = Release|Any CPU
		{F2B3833C-17C4-4798-8746-0A086454A407}.Release|Any CPU.Build.0 = Release|Any CPU
		{3A953C38-05BE-4866-A6F3-5CA9EED7B62B}.Debug|Any CPU.ActiveCfg = Debug|Any CPU
		{3A953C38-05BE-4866-A6F3-5CA9EED7B62B}.Debug|Any CPU.Build.0 = Debug|Any CPU
		{3A953C38-05BE-4866-A6F3-5CA9EED7B62B}.Release|Any CPU.ActiveCfg = Release|Any CPU
		{3A953C38-05BE-4866-A6F3-5CA9EED7B62B}.Release|Any CPU.Build.0 = Release|Any CPU
		{440D1966-257C-4393-A791-189CAA886919}.Debug|Any CPU.ActiveCfg = Debug|Any CPU
		{440D1966-257C-4393-A791-189CAA886919}.Debug|Any CPU.Build.0 = Debug|Any CPU
		{440D1966-257C-4393-A791-189CAA886919}.Release|Any CPU.ActiveCfg = Release|Any CPU
		{440D1966-257C-4393-A791-189CAA886919}.Release|Any CPU.Build.0 = Release|Any CPU
		{3FD5B95C-D2EE-4699-978F-3D76DEB53B69}.Debug|Any CPU.ActiveCfg = Debug|Any CPU
		{3FD5B95C-D2EE-4699-978F-3D76DEB53B69}.Debug|Any CPU.Build.0 = Debug|Any CPU
		{3FD5B95C-D2EE-4699-978F-3D76DEB53B69}.Release|Any CPU.ActiveCfg = Release|Any CPU
		{3FD5B95C-D2EE-4699-978F-3D76DEB53B69}.Release|Any CPU.Build.0 = Release|Any CPU
		{345FF964-F861-41BD-8513-3E6AE2BCF97F}.Debug|Any CPU.ActiveCfg = Debug|Any CPU
		{345FF964-F861-41BD-8513-3E6AE2BCF97F}.Debug|Any CPU.Build.0 = Debug|Any CPU
		{345FF964-F861-41BD-8513-3E6AE2BCF97F}.Release|Any CPU.ActiveCfg = Release|Any CPU
		{345FF964-F861-41BD-8513-3E6AE2BCF97F}.Release|Any CPU.Build.0 = Release|Any CPU
		{E55F8259-3A73-42D0-8D97-96151516A184}.Debug|Any CPU.ActiveCfg = Debug|Any CPU
		{E55F8259-3A73-42D0-8D97-96151516A184}.Debug|Any CPU.Build.0 = Debug|Any CPU
		{E55F8259-3A73-42D0-8D97-96151516A184}.Release|Any CPU.ActiveCfg = Release|Any CPU
		{E55F8259-3A73-42D0-8D97-96151516A184}.Release|Any CPU.Build.0 = Release|Any CPU
	EndGlobalSection
	GlobalSection(SolutionProperties) = preSolution
		HideSolutionNode = FALSE
	EndGlobalSection
	GlobalSection(NestedProjects) = preSolution
		{4565AF63-0BD5-462A-AA47-C5CA65477B3D} = {672CE652-7E11-4D09-ABA7-A934EEEFB7BD}
		{8FC5BD2B-AA20-4D24-B96D-3EC9B245B485} = {672CE652-7E11-4D09-ABA7-A934EEEFB7BD}
		{F49F008B-7E61-4542-9C2B-683489089136} = {672CE652-7E11-4D09-ABA7-A934EEEFB7BD}
		{6106DF8B-5A2D-49BA-9AF1-109CE6BF9F50} = {672CE652-7E11-4D09-ABA7-A934EEEFB7BD}
		{46CBFA5C-15E7-46E3-9C2C-F33CAA08EC8B} = {8FC5BD2B-AA20-4D24-B96D-3EC9B245B485}
		{5D6A9C5E-A974-4E6F-A9AE-DA1111751EB5} = {8FC5BD2B-AA20-4D24-B96D-3EC9B245B485}
		{A416EDBB-7DC5-452C-8EF2-083817000776} = {F49F008B-7E61-4542-9C2B-683489089136}
		{E632906D-F7EE-4AAB-90EF-A7A60F6B5105} = {F49F008B-7E61-4542-9C2B-683489089136}
		{2872BDFB-C7C4-4554-98D1-F3AAC81FAB19} = {F49F008B-7E61-4542-9C2B-683489089136}
		{641E5D93-E673-4728-AE4A-E3DCF04501BF} = {F49F008B-7E61-4542-9C2B-683489089136}
		{E3B36A3B-D243-41FC-8C8E-EFA316353A81} = {F49F008B-7E61-4542-9C2B-683489089136}
		{AF20F737-A87E-4355-A4DF-BE2095504451} = {F49F008B-7E61-4542-9C2B-683489089136}
		{2B9BA967-68A2-4A2F-988B-B46FF7465CA7} = {6106DF8B-5A2D-49BA-9AF1-109CE6BF9F50}
		{31B9B3CA-093B-4F81-93AC-46D1739CEE08} = {2872BDFB-C7C4-4554-98D1-F3AAC81FAB19}
		{1565658D-5354-4BBF-8FE9-4914CD3C4844} = {E632906D-F7EE-4AAB-90EF-A7A60F6B5105}
		{FB43B09B-421E-4ABE-BCC3-3620C5681A29} = {E3B36A3B-D243-41FC-8C8E-EFA316353A81}
		{21D91C58-64BD-48B3-B203-4833B6B1FBC2} = {641E5D93-E673-4728-AE4A-E3DCF04501BF}
		{F2B3833C-17C4-4798-8746-0A086454A407} = {A416EDBB-7DC5-452C-8EF2-083817000776}
		{3A953C38-05BE-4866-A6F3-5CA9EED7B62B} = {AF20F737-A87E-4355-A4DF-BE2095504451}
		{440D1966-257C-4393-A791-189CAA886919} = {8FC5BD2B-AA20-4D24-B96D-3EC9B245B485}
		{3FD5B95C-D2EE-4699-978F-3D76DEB53B69} = {8FC5BD2B-AA20-4D24-B96D-3EC9B245B485}
		{345FF964-F861-41BD-8513-3E6AE2BCF97F} = {8FC5BD2B-AA20-4D24-B96D-3EC9B245B485}
		{E55F8259-3A73-42D0-8D97-96151516A184} = {4565AF63-0BD5-462A-AA47-C5CA65477B3D}
	EndGlobalSection
EndGlobal
